
Microsoft Visual Studio Solution File, Format Version 12.00
# Visual Studio Version 17
VisualStudioVersion = 17.7.34221.43
MinimumVisualStudioVersion = 10.0.40219.1
Project("{FAE04EC0-301F-11D3-BF4B-00C04F79EFBC}") = "NewTalents", "NewTalents\NewTalents.csproj", "{304DD98C-B029-4051-85CB-A4482E910A63}"
EndProject
Project("{FAE04EC0-301F-11D3-BF4B-00C04F79EFBC}") = "TesteNewTalents", "TesteNewTalents\TesteNewTalents.csproj", "{2CF3ED3C-30CB-47D4-A25B-658CBF680326}"
EndProject
Global
	GlobalSection(SolutionConfigurationPlatforms) = preSolution
		Debug|Any CPU = Debug|Any CPU
		Release|Any CPU = Release|Any CPU
	EndGlobalSection
	GlobalSection(ProjectConfigurationPlatforms) = postSolution
		{304DD98C-B029-4051-85CB-A4482E910A63}.Debug|Any CPU.ActiveCfg = Debug|Any CPU
		{304DD98C-B029-4051-85CB-A4482E910A63}.Debug|Any CPU.Build.0 = Debug|Any CPU
		{304DD98C-B029-4051-85CB-A4482E910A63}.Release|Any CPU.ActiveCfg = Release|Any CPU
		{304DD98C-B029-4051-85CB-A4482E910A63}.Release|Any CPU.Build.0 = Release|Any CPU
		{2CF3ED3C-30CB-47D4-A25B-658CBF680326}.Debug|Any CPU.ActiveCfg = Debug|Any CPU
		{2CF3ED3C-30CB-47D4-A25B-658CBF680326}.Debug|Any CPU.Build.0 = Debug|Any CPU
		{2CF3ED3C-30CB-47D4-A25B-658CBF680326}.Release|Any CPU.ActiveCfg = Release|Any CPU
		{2CF3ED3C-30CB-47D4-A25B-658CBF680326}.Release|Any CPU.Build.0 = Release|Any CPU
	EndGlobalSection
	GlobalSection(SolutionProperties) = preSolution
		HideSolutionNode = FALSE
	EndGlobalSection
	GlobalSection(ExtensibilityGlobals) = postSolution
		SolutionGuid = {5CEAAE3B-00CE-4A1D-9ED7-CF8ACC0FC453}
	EndGlobalSection
EndGlobal
